
Microsoft Visual Studio Solution File, Format Version 12.00
# Visual Studio Version 17
VisualStudioVersion = 17.14.36310.24 d17.14
MinimumVisualStudioVersion = 10.0.40219.1
Project("{FAE04EC0-301F-11D3-BF4B-00C04F79EFBC}") = "PtmkTest", "PtmkTest\PtmkTest.csproj", "{E68C84B9-AF5F-4F1D-B534-BEDF349B7C4B}"
EndProject
Global
	GlobalSection(SolutionConfigurationPlatforms) = preSolution
		Debug|Any CPU = Debug|Any CPU
		Release|Any CPU = Release|Any CPU
	EndGlobalSection
	GlobalSection(ProjectConfigurationPlatforms) = postSolution
		{E68C84B9-AF5F-4F1D-B534-BEDF349B7C4B}.Debug|Any CPU.ActiveCfg = Debug|Any CPU
		{E68C84B9-AF5F-4F1D-B534-BEDF349B7C4B}.Debug|Any CPU.Build.0 = Debug|Any CPU
		{E68C84B9-AF5F-4F1D-B534-BEDF349B7C4B}.Release|Any CPU.ActiveCfg = Release|Any CPU
		{E68C84B9-AF5F-4F1D-B534-BEDF349B7C4B}.Release|Any CPU.Build.0 = Release|Any CPU
	EndGlobalSection
	GlobalSection(SolutionProperties) = preSolution
		HideSolutionNode = FALSE
	EndGlobalSection
	GlobalSection(ExtensibilityGlobals) = postSolution
		SolutionGuid = {F176D6A4-5032-40E9-B5FB-60AA30CE5127}
	EndGlobalSection
EndGlobal
